
Microsoft Visual Studio Solution File, Format Version 12.00
# Visual Studio Version 17
VisualStudioVersion = 17.7.34024.191
MinimumVisualStudioVersion = 10.0.40219.1
Project("{FAE04EC0-301F-11D3-BF4B-00C04F79EFBC}") = "BL", "BL\BL.csproj", "{4768AED8-332F-441A-82ED-2EA3ACC21246}"
EndProject
Project("{FAE04EC0-301F-11D3-BF4B-00C04F79EFBC}") = "ML", "ML\ML.csproj", "{0AA3D64E-AD44-4479-A0ED-B960198D13BB}"
EndProject
Project("{FAE04EC0-301F-11D3-BF4B-00C04F79EFBC}") = "DL", "DL\DL.csproj", "{02D282A8-34B6-4631-B539-3F169DED3827}"
EndProject
Project("{FAE04EC0-301F-11D3-BF4B-00C04F79EFBC}") = "SL", "SL\SL.csproj", "{CD0C0E4C-54F2-4180-B035-D79C1DC93634}"
EndProject
Project("{FAE04EC0-301F-11D3-BF4B-00C04F79EFBC}") = "PLMVC", "SLMVC\PLMVC.csproj", "{49BA3790-4159-4CB5-BA91-4CE8B6AF6F51}"
EndProject
Global
	GlobalSection(SolutionConfigurationPlatforms) = preSolution
		Debug|Any CPU = Debug|Any CPU
		Release|Any CPU = Release|Any CPU
	EndGlobalSection
	GlobalSection(ProjectConfigurationPlatforms) = postSolution
		{4768AED8-332F-441A-82ED-2EA3ACC21246}.Debug|Any CPU.ActiveCfg = Debug|Any CPU
		{4768AED8-332F-441A-82ED-2EA3ACC21246}.Debug|Any CPU.Build.0 = Debug|Any CPU
		{4768AED8-332F-441A-82ED-2EA3ACC21246}.Release|Any CPU.ActiveCfg = Release|Any CPU
		{4768AED8-332F-441A-82ED-2EA3ACC21246}.Release|Any CPU.Build.0 = Release|Any CPU
		{0AA3D64E-AD44-4479-A0ED-B960198D13BB}.Debug|Any CPU.ActiveCfg = Debug|Any CPU
		{0AA3D64E-AD44-4479-A0ED-B960198D13BB}.Debug|Any CPU.Build.0 = Debug|Any CPU
		{0AA3D64E-AD44-4479-A0ED-B960198D13BB}.Release|Any CPU.ActiveCfg = Release|Any CPU
		{0AA3D64E-AD44-4479-A0ED-B960198D13BB}.Release|Any CPU.Build.0 = Release|Any CPU
		{02D282A8-34B6-4631-B539-3F169DED3827}.Debug|Any CPU.ActiveCfg = Debug|Any CPU
		{02D282A8-34B6-4631-B539-3F169DED3827}.Debug|Any CPU.Build.0 = Debug|Any CPU
		{02D282A8-34B6-4631-B539-3F169DED3827}.Release|Any CPU.ActiveCfg = Release|Any CPU
		{02D282A8-34B6-4631-B539-3F169DED3827}.Release|Any CPU.Build.0 = Release|Any CPU
		{CD0C0E4C-54F2-4180-B035-D79C1DC93634}.Debug|Any CPU.ActiveCfg = Debug|Any CPU
		{CD0C0E4C-54F2-4180-B035-D79C1DC93634}.Debug|Any CPU.Build.0 = Debug|Any CPU
		{CD0C0E4C-54F2-4180-B035-D79C1DC93634}.Release|Any CPU.ActiveCfg = Release|Any CPU
		{CD0C0E4C-54F2-4180-B035-D79C1DC93634}.Release|Any CPU.Build.0 = Release|Any CPU
		{49BA3790-4159-4CB5-BA91-4CE8B6AF6F51}.Debug|Any CPU.ActiveCfg = Debug|Any CPU
		{49BA3790-4159-4CB5-BA91-4CE8B6AF6F51}.Debug|Any CPU.Build.0 = Debug|Any CPU
		{49BA3790-4159-4CB5-BA91-4CE8B6AF6F51}.Release|Any CPU.ActiveCfg = Release|Any CPU
		{49BA3790-4159-4CB5-BA91-4CE8B6AF6F51}.Release|Any CPU.Build.0 = Release|Any CPU
	EndGlobalSection
	GlobalSection(SolutionProperties) = preSolution
		HideSolutionNode = FALSE
	EndGlobalSection
	GlobalSection(ExtensibilityGlobals) = postSolution
		SolutionGuid = {1FB8354C-F24C-4413-A979-E4C469C0104C}
	EndGlobalSection
EndGlobal
